
Microsoft Visual Studio Solution File, Format Version 12.00
# Visual Studio Version 17
VisualStudioVersion = 17.7.34202.233
MinimumVisualStudioVersion = 10.0.40219.1
Project("{FAE04EC0-301F-11D3-BF4B-00C04F79EFBC}") = "TestGitBranches", "TestGitBranches\TestGitBranches.csproj", "{1E7E3CF2-4033-4595-BD16-ED131DED625D}"
EndProject
Global
	GlobalSection(SolutionConfigurationPlatforms) = preSolution
		Debug|Any CPU = Debug|Any CPU
		Release|Any CPU = Release|Any CPU
	EndGlobalSection
	GlobalSection(ProjectConfigurationPlatforms) = postSolution
		{1E7E3CF2-4033-4595-BD16-ED131DED625D}.Debug|Any CPU.ActiveCfg = Debug|Any CPU
		{1E7E3CF2-4033-4595-BD16-ED131DED625D}.Debug|Any CPU.Build.0 = Debug|Any CPU
		{1E7E3CF2-4033-4595-BD16-ED131DED625D}.Release|Any CPU.ActiveCfg = Release|Any CPU
		{1E7E3CF2-4033-4595-BD16-ED131DED625D}.Release|Any CPU.Build.0 = Release|Any CPU
	EndGlobalSection
	GlobalSection(SolutionProperties) = preSolution
		HideSolutionNode = FALSE
	EndGlobalSection
	GlobalSection(ExtensibilityGlobals) = postSolution
		SolutionGuid = {B8EBD126-F8FB-45D6-94BE-8D9AF4894408}
	EndGlobalSection
EndGlobal
